
Microsoft Visual Studio Solution File, Format Version 12.00
# Visual Studio Version 17
VisualStudioVersion = 17.3.32922.545
MinimumVisualStudioVersion = 10.0.40219.1
Project("{FAE04EC0-301F-11D3-BF4B-00C04F79EFBC}") = "UrbanAce_7", "UrbanAce_7\UrbanAce_7.csproj", "{8B599451-D7F3-4710-B87E-E1DB0BF5BC4F}"
EndProject
Global
	GlobalSection(SolutionConfigurationPlatforms) = preSolution
		Debug|Any CPU = Debug|Any CPU
		Release|Any CPU = Release|Any CPU
	EndGlobalSection
	GlobalSection(ProjectConfigurationPlatforms) = postSolution
		{8B599451-D7F3-4710-B87E-E1DB0BF5BC4F}.Debug|Any CPU.ActiveCfg = Debug|Any CPU
		{8B599451-D7F3-4710-B87E-E1DB0BF5BC4F}.Debug|Any CPU.Build.0 = Debug|Any CPU
		{8B599451-D7F3-4710-B87E-E1DB0BF5BC4F}.Release|Any CPU.ActiveCfg = Release|Any CPU
		{8B599451-D7F3-4710-B87E-E1DB0BF5BC4F}.Release|Any CPU.Build.0 = Release|Any CPU
	EndGlobalSection
	GlobalSection(SolutionProperties) = preSolution
		HideSolutionNode = FALSE
	EndGlobalSection
	GlobalSection(ExtensibilityGlobals) = postSolution
		SolutionGuid = {842FEE1F-DD19-426C-A2BB-E487F4EF4E3C}
	EndGlobalSection
EndGlobal
